# THIS IS AN AUTOGENERATED FILE. DO NOT EDIT THIS FILE DIRECTLY.
# yarn lockfile v1


commander@^6.0.0:
  version "6.0.0"
  resolved "https://registry.yarnpkg.com/commander/-/commander-6.0.0.tgz#2b270da94f8fb9014455312f829a1129dbf8887e"
  integrity sha512-s7EA+hDtTYNhuXkTlhqew4txMZVdszBmKWSPEMxGr8ru8JXR7bLUFIAtPhcSuFdJQ0ILMxnJi8GkQL0yvDy/YA==

ejs@~3.0.2:
  version "3.0.2"
  resolved "https://registry.yarnpkg.com/ejs/-/ejs-3.0.2.tgz#745b01cdcfe38c1c6a2da3bbb2d9957060a31226"
  integrity sha512-IncmUpn1yN84hy2shb0POJ80FWrfGNY0cxO9f4v+/sG7qcBvAtVWUA1IdzY/8EYUmOVhoKJVdJjNd3AZcnxOjA==

marked@^1.1.0:
  version "1.1.0"
  resolved "https://registry.yarnpkg.com/marked/-/marked-1.1.0.tgz#62504ad4d11550c942935ccc5e39d64e5a4c4e50"
  integrity sha512-EkE7RW6KcXfMHy2PA7Jg0YJE1l8UPEZE8k45tylzmZM30/r1M1MUXWQfJlrSbsTeh7m/XTwHbWUENvAJZpp1YA==
