# THIS IS AN AUTOGENERATED FILE. DO NOT EDIT THIS FILE DIRECTLY.
# yarn lockfile v1


commander@^7.0.0:
  version "7.0.0"
  resolved "https://registry.yarnpkg.com/commander/-/commander-7.0.0.tgz#3e2bbfd8bb6724760980988fb5b22b7ee6b71ab2"
  integrity sha512-ovx/7NkTrnPuIV8sqk/GjUIIM1+iUQeqA3ye2VNpq9sVoiZsooObWlQy+OPWGI17GDaEoybuAGJm6U8yC077BA==

ejs@~3.0.2:
  version "3.0.2"
  resolved "https://registry.yarnpkg.com/ejs/-/ejs-3.0.2.tgz#745b01cdcfe38c1c6a2da3bbb2d9957060a31226"
  integrity sha512-IncmUpn1yN84hy2shb0POJ80FWrfGNY0cxO9f4v+/sG7qcBvAtVWUA1IdzY/8EYUmOVhoKJVdJjNd3AZcnxOjA==

marked@^2.0.0:
  version "2.0.0"
  resolved "https://registry.yarnpkg.com/marked/-/marked-2.0.0.tgz#9662bbcb77ebbded0662a7be66ff929a8611cee5"
  integrity sha512-NqRSh2+LlN2NInpqTQnS614Y/3NkVMFFU6sJlRFEpxJ/LHuK/qJECH7/fXZjk4VZstPW/Pevjil/VtSONsLc7Q==
